// !$*UTF8*$!
{
	archiveVersion = 1;
	classes = {
	};
	objectVersion = 46;
	objects = {

/* Begin PBXBuildFile section */
		009D20871BB019F200358899 /* main.m in Sources */ = {isa = PBXBuildFile; fileRef = 009D20861BB019F200358899 /* main.m */; };
		009D208A1BB019F200358899 /* AppDelegate.m in Sources */ = {isa = PBXBuildFile; fileRef = 009D20891BB019F200358899 /* AppDelegate.m */; };
		009D208D1BB019F200358899 /* ViewController.m in Sources */ = {isa = PBXBuildFile; fileRef = 009D208C1BB019F200358899 /* ViewController.m */; };
		009D20901BB019F200358899 /* Main.storyboard in Resources */ = {isa = PBXBuildFile; fileRef = 009D208E1BB019F200358899 /* Main.storyboard */; };
		009D20921BB019F200358899 /* Images.xcassets in Resources */ = {isa = PBXBuildFile; fileRef = 009D20911BB019F200358899 /* Images.xcassets */; };
		009D20951BB019F200358899 /* LaunchScreen.xib in Resources */ = {isa = PBXBuildFile; fileRef = 009D20931BB019F200358899 /* LaunchScreen.xib */; };
		009D20A11BB019F200358899 /* TestJenkinsTests.m in Sources */ = {isa = PBXBuildFile; fileRef = 009D20A01BB019F200358899 /* TestJenkinsTests.m */; };
/* End PBXBuildFile section */

/* Begin PBXContainerItemProxy section */
		009D209B1BB019F200358899 /* PBXContainerItemProxy */ = {
			isa = PBXContainerItemProxy;
			containerPortal = 009D20791BB019F200358899 /* Project object */;
			proxyType = 1;
			remoteGlobalIDString = 009D20801BB019F200358899;
			remoteInfo = TestJenkins;
		};
/* End PBXContainerItemProxy section */

/* Begin PBXFileReference section */
		009D20811BB019F200358899 /* TestJenkins.app */ = {isa = PBXFileReference; explicitFileType = wrapper.application; includeInIndex = 0; path = TestJenkins.app; sourceTree = BUILT_PRODUCTS_DIR; };
		009D20851BB019F200358899 /* Info.plist */ = {isa = PBXFileReference; lastKnownFileType = text.plist.xml; path = Info.plist; sourceTree = "<group>"; };
		009D20861BB019F200358899 /* main.m */ = {isa = PBXFileReference; lastKnownFileType = sourcecode.c.objc; path = main.m; sourceTree = "<group>"; };
		009D20881BB019F200358899 /* AppDelegate.h */ = {isa = PBXFileReference; lastKnownFileType = sourcecode.c.h; path = AppDelegate.h; sourceTree = "<group>"; };
		009D20891BB019F200358899 /* AppDelegate.m */ = {isa = PBXFileReference; lastKnownFileType = sourcecode.c.objc; path = AppDelegate.m; sourceTree = "<group>"; };
		009D208B1BB019F200358899 /* ViewController.h */ = {isa = PBXFileReference; lastKnownFileType = sourcecode.c.h; path = ViewController.h; sourceTree = "<group>"; };
		009D208C1BB019F200358899 /* ViewController.m */ = {isa = PBXFileReference; lastKnownFileType = sourcecode.c.objc; path = ViewController.m; sourceTree = "<group>"; };
		009D208F1BB019F200358899 /* Base */ = {isa = PBXFileReference; lastKnownFileType = file.storyboard; name = Base; path = Base.lproj/Main.storyboard; sourceTree = "<group>"; };
		009D20911BB019F200358899 /* Images.xcassets */ = {isa = PBXFileReference; lastKnownFileType = folder.assetcatalog; path = Images.xcassets; sourceTree = "<group>"; };
		009D20941BB019F200358899 /* Base */ = {isa = PBXFileReference; lastKnownFileType = file.xib; name = Base; path = Base.lproj/LaunchScreen.xib; sourceTree = "<group>"; };
		009D209A1BB019F200358899 /* TestJenkinsTests.xctest */ = {isa = PBXFileReference; explicitFileType = wrapper.cfbundle; includeInIndex = 0; path = TestJenkinsTests.xctest; sourceTree = BUILT_PRODUCTS_DIR; };
		009D209F1BB019F200358899 /* Info.plist */ = {isa = PBXFileReference; lastKnownFileType = text.plist.xml; path = Info.plist; sourceTree = "<group>"; };
		009D20A01BB019F200358899 /* TestJenkinsTests.m */ = {isa = PBXFileReference; lastKnownFileType = sourcecode.c.objc; path = TestJenkinsTests.m; sourceTree = "<group>"; };
/* End PBXFileReference section */

/* Begin PBXFrameworksBuildPhase section */
		009D207E1BB019F200358899 /* Frameworks */ = {
			isa = PBXFrameworksBuildPhase;
			buildActionMask = 2147483647;
			files = (
			);
			runOnlyForDeploymentPostprocessing = 0;
		};
		009D20971BB019F200358899 /* Frameworks */ = {
			isa = PBXFrameworksBuildPhase;
			buildActionMask = 2147483647;
			files = (
			);
			runOnlyForDeploymentPostprocessing = 0;
		};
/* End PBXFrameworksBuildPhase section */

/* Begin PBXGroup section */
		009D20781BB019F200358899 = {
			isa = PBXGroup;
			children = (
				009D20831BB019F200358899 /* TestJenkins */,
				009D209D1BB019F200358899 /* TestJenkinsTests */,
				009D20821BB019F200358899 /* Products */,
			);
			sourceTree = "<group>";
		};
		009D20821BB019F200358899 /* Products */ = {
			isa = PBXGroup;
			children = (
				009D20811BB019F200358899 /* TestJenkins.app */,
				009D209A1BB019F200358899 /* TestJenkinsTests.xctest */,
			);
			name = Products;
			sourceTree = "<group>";
		};
		009D20831BB019F200358899 /* TestJenkins */ = {
			isa = PBXGroup;
			children = (
				009D20881BB019F200358899 /* AppDelegate.h */,
				009D20891BB019F200358899 /* AppDelegate.m */,
				009D208B1BB019F200358899 /* ViewController.h */,
				009D208C1BB019F200358899 /* ViewController.m */,
				009D208E1BB019F200358899 /* Main.storyboard */,
				009D20911BB019F200358899 /* Images.xcassets */,
				009D20931BB019F200358899 /* LaunchScreen.xib */,
				009D20841BB019F200358899 /* Supporting Files */,
			);
			path = TestJenkins;
			sourceTree = "<group>";
		};
		009D20841BB019F200358899 /* Supporting Files */ = {
			isa = PBXGroup;
			children = (
				009D20851BB019F200358899 /* Info.plist */,
				009D20861BB019F200358899 /* main.m */,
			);
			name = "Supporting Files";
			sourceTree = "<group>";
		};
		009D209D1BB019F200358899 /* TestJenkinsTests */ = {
			isa = PBXGroup;
			children = (
				009D20A01BB019F200358899 /* TestJenkinsTests.m */,
				009D209E1BB019F200358899 /* Supporting Files */,
			);
			path = TestJenkinsTests;
			sourceTree = "<group>";
		};
		009D209E1BB019F200358899 /* Supporting Files */ = {
			isa = PBXGroup;
			children = (
				009D209F1BB019F200358899 /* Info.plist */,
			);
			name = "Supporting Files";
			sourceTree = "<group>";
		};
/* End PBXGroup section */

/* Begin PBXNativeTarget section */
		009D20801BB019F200358899 /* TestJenkins */ = {
			isa = PBXNativeTarget;
			buildConfigurationList = 009D20A41BB019F200358899 /* Build configuration list for PBXNativeTarget "TestJenkins" */;
			buildPhases = (
				009D207D1BB019F200358899 /* Sources */,
				009D207E1BB019F200358899 /* Frameworks */,
				009D207F1BB019F200358899 /* Resources */,
			);
			buildRules = (
			);
			dependencies = (
			);
			name = TestJenkins;
			productName = TestJenkins;
			productReference = 009D20811BB019F200358899 /* TestJenkins.app */;
			productType = "com.apple.product-type.application";
		};
		009D20991BB019F200358899 /* TestJenkinsTests */ = {
			isa = PBXNativeTarget;
			buildConfigurationList = 009D20A71BB019F200358899 /* Build configuration list for PBXNativeTarget "TestJenkinsTests" */;
			buildPhases = (
				009D20961BB019F200358899 /* Sources */,
				009D20971BB019F200358899 /* Frameworks */,
				009D20981BB019F200358899 /* Resources */,
			);
			buildRules = (
			);
			dependencies = (
				009D209C1BB019F200358899 /* PBXTargetDependency */,
			);
			name = TestJenkinsTests;
			productName = TestJenkinsTests;
			productReference = 009D209A1BB019F200358899 /* TestJenkinsTests.xctest */;
			productType = "com.apple.product-type.bundle.unit-test";
		};
/* End PBXNativeTarget section */

/* Begin PBXProject section */
		009D20791BB019F200358899 /* Project object */ = {
			isa = PBXProject;
			attributes = {
				LastUpgradeCheck = 0630;
				ORGANIZATIONNAME = "Sravan Peddi";
				TargetAttributes = {
					009D20801BB019F200358899 = {
						CreatedOnToolsVersion = 6.3;
					};
					009D20991BB019F200358899 = {
						CreatedOnToolsVersion = 6.3;
						TestTargetID = 009D20801BB019F200358899;
					};
				};
			};
			buildConfigurationList = 009D207C1BB019F200358899 /* Build configuration list for PBXProject "TestJenkins" */;
			compatibilityVersion = "Xcode 3.2";
			developmentRegion = English;
			hasScannedForEncodings = 0;
			knownRegions = (
				en,
				Base,
			);
			mainGroup = 009D20781BB019F200358899;
			productRefGroup = 009D20821BB019F200358899 /* Products */;
			projectDirPath = "";
			projectRoot = "";
			targets = (
				009D20801BB019F200358899 /* TestJenkins */,
				009D20991BB019F200358899 /* TestJenkinsTests */,
			);
		};
/* End PBXProject section */

/* Begin PBXResourcesBuildPhase section */
		009D207F1BB019F200358899 /* Resources */ = {
			isa = PBXResourcesBuildPhase;
			buildActionMask = 2147483647;
			files = (
				009D20901BB019F200358899 /* Main.storyboard in Resources */,
				009D20951BB019F200358899 /* LaunchScreen.xib in Resources */,
				009D20921BB019F200358899 /* Images.xcassets in Resources */,
			);
			runOnlyForDeploymentPostprocessing = 0;
		};
		009D20981BB019F200358899 /* Resources */ = {
			isa = PBXResourcesBuildPhase;
			buildActionMask = 2147483647;
			files = (
			);
			runOnlyForDeploymentPostprocessing = 0;
		};
/* End PBXResourcesBuildPhase section */

/* Begin PBXSourcesBuildPhase section */
		009D207D1BB019F200358899 /* Sources */ = {
			isa = PBXSourcesBuildPhase;
			buildActionMask = 2147483647;
			files = (
				009D208D1BB019F200358899 /* ViewController.m in Sources */,
				009D208A1BB019F200358899 /* AppDelegate.m in Sources */,
				009D20871BB019F200358899 /* main.m in Sources */,
			);
			runOnlyForDeploymentPostprocessing = 0;
		};
		009D20961BB019F200358899 /* Sources */ = {
			isa = PBXSourcesBuildPhase;
			buildActionMask = 2147483647;
			files = (
				009D20A11BB019F200358899 /* TestJenkinsTests.m in Sources */,
			);
			runOnlyForDeploymentPostprocessing = 0;
		};
/* End PBXSourcesBuildPhase section */

/* Begin PBXTargetDependency section */
		009D209C1BB019F200358899 /* PBXTargetDependency */ = {
			isa = PBXTargetDependency;
			target = 009D20801BB019F200358899 /* TestJenkins */;
			targetProxy = 009D209B1BB019F200358899 /* PBXContainerItemProxy */;
		};
/* End PBXTargetDependency section */

/* Begin PBXVariantGroup section */
		009D208E1BB019F200358899 /* Main.storyboard */ = {
			isa = PBXVariantGroup;
			children = (
				009D208F1BB019F200358899 /* Base */,
			);
			name = Main.storyboard;
			sourceTree = "<group>";
		};
		009D20931BB019F200358899 /* LaunchScreen.xib */ = {
			isa = PBXVariantGroup;
			children = (
				009D20941BB019F200358899 /* Base */,
			);
			name = LaunchScreen.xib;
			sourceTree = "<group>";
		};
/* End PBXVariantGroup section */

/* Begin XCBuildConfiguration section */
		009D20A21BB019F200358899 /* Debug */ = {
			isa = XCBuildConfiguration;
			buildSettings = {
				ALWAYS_SEARCH_USER_PATHS = NO;
				CLANG_CXX_LANGUAGE_STANDARD = "gnu++0x";
				CLANG_CXX_LIBRARY = "libc++";
				CLANG_ENABLE_MODULES = YES;
				CLANG_ENABLE_OBJC_ARC = YES;
				CLANG_WARN_BOOL_CONVERSION = YES;
				CLANG_WARN_CONSTANT_CONVERSION = YES;
				CLANG_WARN_DIRECT_OBJC_ISA_USAGE = YES_ERROR;
				CLANG_WARN_EMPTY_BODY = YES;
				CLANG_WARN_ENUM_CONVERSION = YES;
				CLANG_WARN_INT_CONVERSION = YES;
				CLANG_WARN_OBJC_ROOT_CLASS = YES_ERROR;
				CLANG_WARN_UNREACHABLE_CODE = YES;
				CLANG_WARN__DUPLICATE_METHOD_MATCH = YES;
				"CODE_SIGN_IDENTITY[sdk=iphoneos*]" = "iPhone Developer";
				COPY_PHASE_STRIP = NO;
				DEBUG_INFORMATION_FORMAT = "dwarf-with-dsym";
				ENABLE_STRICT_OBJC_MSGSEND = YES;
				GCC_C_LANGUAGE_STANDARD = gnu99;
				GCC_DYNAMIC_NO_PIC = NO;
				GCC_NO_COMMON_BLOCKS = YES;
				GCC_OPTIMIZATION_LEVEL = 0;
				GCC_PREPROCESSOR_DEFINITIONS = (
					"DEBUG=1",
					"$(inherited)",
				);
				GCC_SYMBOLS_PRIVATE_EXTERN = NO;
				GCC_WARN_64_TO_32_BIT_CONVERSION = YES;
				GCC_WARN_ABOUT_RETURN_TYPE = YES_ERROR;
				GCC_WARN_UNDECLARED_SELECTOR = YES;
				GCC_WARN_UNINITIALIZED_AUTOS = YES_AGGRESSIVE;
				GCC_WARN_UNUSED_FUNCTION = YES;
				GCC_WARN_UNUSED_VARIABLE = YES;
				IPHONEOS_DEPLOYMENT_TARGET = 8.3;
				MTL_ENABLE_DEBUG_INFO = YES;
				ONLY_ACTIVE_ARCH = YES;
				SDKROOT = iphoneos;
			};
			name = Debug;
		};
		009D20A31BB019F200358899 /* Release */ = {
			isa = XCBuildConfiguration;
			buildSettings = {
				ALWAYS_SEARCH_USER_PATHS = NO;
				CLANG_CXX_LANGUAGE_STANDARD = "gnu++0x";
				CLANG_CXX_LIBRARY = "libc++";
				CLANG_ENABLE_MODULES = YES;
				CLANG_ENABLE_OBJC_ARC = YES;
				CLANG_WARN_BOOL_CONVERSION = YES;
				CLANG_WARN_CONSTANT_CONVERSION = YES;
				CLANG_WARN_DIRECT_OBJC_ISA_USAGE = YES_ERROR;
				CLANG_WARN_EMPTY_BODY = YES;
				CLANG_WARN_ENUM_CONVERSION = YES;
				CLANG_WARN_INT_CONVERSION = YES;
				CLANG_WARN_OBJC_ROOT_CLASS = YES_ERROR;
				CLANG_WARN_UNREACHABLE_CODE = YES;
				CLANG_WARN__DUPLICATE_METHOD_MATCH = YES;
				"CODE_SIGN_IDENTITY[sdk=iphoneos*]" = "iPhone Developer";
				COPY_PHASE_STRIP = NO;
				DEBUG_INFORMATION_FORMAT = "dwarf-with-dsym";
				ENABLE_NS_ASSERTIONS = NO;
				ENABLE_STRICT_OBJC_MSGSEND = YES;
				GCC_C_LANGUAGE_STANDARD = gnu99;
				GCC_NO_COMMON_BLOCKS = YES;
				GCC_WARN_64_TO_32_BIT_CONVERSION = YES;
				GCC_WARN_ABOUT_RETURN_TYPE = YES_ERROR;
				GCC_WARN_UNDECLARED_SELECTOR = YES;
				GCC_WARN_UNINITIALIZED_AUTOS = YES_AGGRESSIVE;
				GCC_WARN_UNUSED_FUNCTION = YES;
				GCC_WARN_UNUSED_VARIABLE = YES;
				IPHONEOS_DEPLOYMENT_TARGET = 8.3;
				MTL_ENABLE_DEBUG_INFO = NO;
				SDKROOT = iphoneos;
				VALIDATE_PRODUCT = YES;
			};
			name = Release;
		};
		009D20A51BB019F200358899 /* Debug */ = {
			isa = XCBuildConfiguration;
			buildSettings = {
				ASSETCATALOG_COMPILER_APPICON_NAME = AppIcon;
				INFOPLIST_FILE = TestJenkins/Info.plist;
				LD_RUNPATH_SEARCH_PATHS = "$(inherited) @executable_path/Frameworks";
				PRODUCT_NAME = "$(TARGET_NAME)";
			};
			name = Debug;
		};
		009D20A61BB019F200358899 /* Release */ = {
			isa = XCBuildConfiguration;
			buildSettings = {
				ASSETCATALOG_COMPILER_APPICON_NAME = AppIcon;
				INFOPLIST_FILE = TestJenkins/Info.plist;
				LD_RUNPATH_SEARCH_PATHS = "$(inherited) @executable_path/Frameworks";
				PRODUCT_NAME = "$(TARGET_NAME)";
			};
			name = Release;
		};
		009D20A81BB019F200358899 /* Debug */ = {
			isa = XCBuildConfiguration;
			buildSettings = {
				BUNDLE_LOADER = "$(TEST_HOST)";
				FRAMEWORK_SEARCH_PATHS = (
					"$(SDKROOT)/Developer/Library/Frameworks",
					"$(inherited)",
				);
				GCC_PREPROCESSOR_DEFINITIONS = (
					"DEBUG=1",
					"$(inherited)",
				);
				INFOPLIST_FILE = TestJenkinsTests/Info.plist;
				LD_RUNPATH_SEARCH_PATHS = "$(inherited) @executable_path/Frameworks @loader_path/Frameworks";
				PRODUCT_NAME = "$(TARGET_NAME)";
				TEST_HOST = "$(BUILT_PRODUCTS_DIR)/TestJenkins.app/TestJenkins";
			};
			name = Debug;
		};
		009D20A91BB019F200358899 /* Release */ = {
			isa = XCBuildConfiguration;
			buildSettings = {
				BUNDLE_LOADER = "$(TEST_HOST)";
				FRAMEWORK_SEARCH_PATHS = (
					"$(SDKROOT)/Developer/Library/Frameworks",
					"$(inherited)",
				);
				INFOPLIST_FILE = TestJenkinsTests/Info.plist;
				LD_RUNPATH_SEARCH_PATHS = "$(inherited) @executable_path/Frameworks @loader_path/Frameworks";
				PRODUCT_NAME = "$(TARGET_NAME)";
				TEST_HOST = "$(BUILT_PRODUCTS_DIR)/TestJenkins.app/TestJenkins";
			};
			name = Release;
		};
/* End XCBuildConfiguration section */

/* Begin XCConfigurationList section */
		009D207C1BB019F200358899 /* Build configuration list for PBXProject "TestJenkins" */ = {
			isa = XCConfigurationList;
			buildConfigurations = (
				009D20A21BB019F200358899 /* Debug */,
				009D20A31BB019F200358899 /* Release */,
			);
			defaultConfigurationIsVisible = 0;
			defaultConfigurationName = Release;
		};
		009D20A41BB019F200358899 /* Build configuration list for PBXNativeTarget "TestJenkins" */ = {
			isa = XCConfigurationList;
			buildConfigurations = (
				009D20A51BB019F200358899 /* Debug */,
				009D20A61BB019F200358899 /* Release */,
			);
			defaultConfigurationIsVisible = 0;
		};
		009D20A71BB019F200358899 /* Build configuration list for PBXNativeTarget "TestJenkinsTests" */ = {
			isa = XCConfigurationList;
			buildConfigurations = (
				009D20A81BB019F200358899 /* Debug */,
				009D20A91BB019F200358899 /* Release */,
			);
			defaultConfigurationIsVisible = 0;
		};
/* End XCConfigurationList section */
	};
	rootObject = 009D20791BB019F200358899 /* Project object */;
}
